// !$*UTF8*$!
{
	archiveVersion = 1;
	classes = {
	};
	objectVersion = 56;
	objects = {

/* Begin PBXBuildFile section */
		14B5175C2BD0BD80000D52FA /* AppDelegate.swift in Sources */ = {isa = PBXBuildFile; fileRef = 14B5175B2BD0BD80000D52FA /* AppDelegate.swift */; };
		14B5175E2BD0BD80000D52FA /* SceneDelegate.swift in Sources */ = {isa = PBXBuildFile; fileRef = 14B5175D2BD0BD80000D52FA /* SceneDelegate.swift */; };
		14B517602BD0BD80000D52FA /* ViewController.swift in Sources */ = {isa = PBXBuildFile; fileRef = 14B5175F2BD0BD80000D52FA /* ViewController.swift */; };
		14B517652BD0BD82000D52FA /* Assets.xcassets in Resources */ = {isa = PBXBuildFile; fileRef = 14B517642BD0BD82000D52FA /* Assets.xcassets */; };
		14B517682BD0BD82000D52FA /* LaunchScreen.storyboard in Resources */ = {isa = PBXBuildFile; fileRef = 14B517662BD0BD82000D52FA /* LaunchScreen.storyboard */; };
		14B5177F2BD0C5B6000D52FA /* Roboto-Medium.ttf in Resources */ = {isa = PBXBuildFile; fileRef = 14B517722BD0C5B6000D52FA /* Roboto-Medium.ttf */; };
		14B517802BD0C5B6000D52FA /* Roboto-Light.ttf in Resources */ = {isa = PBXBuildFile; fileRef = 14B517732BD0C5B6000D52FA /* Roboto-Light.ttf */; };
		14B517812BD0C5B6000D52FA /* Roboto-Regular.ttf in Resources */ = {isa = PBXBuildFile; fileRef = 14B517742BD0C5B6000D52FA /* Roboto-Regular.ttf */; };
		14B517822BD0C5B6000D52FA /* Roboto-MediumItalic.ttf in Resources */ = {isa = PBXBuildFile; fileRef = 14B517752BD0C5B6000D52FA /* Roboto-MediumItalic.ttf */; };
		14B517832BD0C5B6000D52FA /* Roboto-ThinItalic.ttf in Resources */ = {isa = PBXBuildFile; fileRef = 14B517762BD0C5B6000D52FA /* Roboto-ThinItalic.ttf */; };
		14B517842BD0C5B6000D52FA /* Roboto-BoldItalic.ttf in Resources */ = {isa = PBXBuildFile; fileRef = 14B517772BD0C5B6000D52FA /* Roboto-BoldItalic.ttf */; };
		14B517852BD0C5B6000D52FA /* Roboto-LightItalic.ttf in Resources */ = {isa = PBXBuildFile; fileRef = 14B517782BD0C5B6000D52FA /* Roboto-LightItalic.ttf */; };
		14B517862BD0C5B6000D52FA /* Roboto-Italic.ttf in Resources */ = {isa = PBXBuildFile; fileRef = 14B517792BD0C5B6000D52FA /* Roboto-Italic.ttf */; };
		14B517872BD0C5B6000D52FA /* LICENSE.txt in Resources */ = {isa = PBXBuildFile; fileRef = 14B5177A2BD0C5B6000D52FA /* LICENSE.txt */; };
		14B517882BD0C5B6000D52FA /* Roboto-BlackItalic.ttf in Resources */ = {isa = PBXBuildFile; fileRef = 14B5177B2BD0C5B6000D52FA /* Roboto-BlackItalic.ttf */; };
		14B517892BD0C5B6000D52FA /* Roboto-Bold.ttf in Resources */ = {isa = PBXBuildFile; fileRef = 14B5177C2BD0C5B6000D52FA /* Roboto-Bold.ttf */; };
		14B5178A2BD0C5B6000D52FA /* Roboto-Thin.ttf in Resources */ = {isa = PBXBuildFile; fileRef = 14B5177D2BD0C5B6000D52FA /* Roboto-Thin.ttf */; };
		14B5178B2BD0C5B6000D52FA /* Roboto-Black.ttf in Resources */ = {isa = PBXBuildFile; fileRef = 14B5177E2BD0C5B6000D52FA /* Roboto-Black.ttf */; };
/* End PBXBuildFile section */

/* Begin PBXFileReference section */
		14B517582BD0BD80000D52FA /* FoodDeliveryApp.app */ = {isa = PBXFileReference; explicitFileType = wrapper.application; includeInIndex = 0; path = FoodDeliveryApp.app; sourceTree = BUILT_PRODUCTS_DIR; };
		14B5175B2BD0BD80000D52FA /* AppDelegate.swift */ = {isa = PBXFileReference; lastKnownFileType = sourcecode.swift; path = AppDelegate.swift; sourceTree = "<group>"; };
		14B5175D2BD0BD80000D52FA /* SceneDelegate.swift */ = {isa = PBXFileReference; lastKnownFileType = sourcecode.swift; path = SceneDelegate.swift; sourceTree = "<group>"; };
		14B5175F2BD0BD80000D52FA /* ViewController.swift */ = {isa = PBXFileReference; lastKnownFileType = sourcecode.swift; path = ViewController.swift; sourceTree = "<group>"; };
		14B517642BD0BD82000D52FA /* Assets.xcassets */ = {isa = PBXFileReference; lastKnownFileType = folder.assetcatalog; path = Assets.xcassets; sourceTree = "<group>"; };
		14B517672BD0BD82000D52FA /* Base */ = {isa = PBXFileReference; lastKnownFileType = file.storyboard; name = Base; path = Base.lproj/LaunchScreen.storyboard; sourceTree = "<group>"; };
		14B517692BD0BD82000D52FA /* Info.plist */ = {isa = PBXFileReference; lastKnownFileType = text.plist.xml; path = Info.plist; sourceTree = "<group>"; };
		14B517722BD0C5B6000D52FA /* Roboto-Medium.ttf */ = {isa = PBXFileReference; lastKnownFileType = file; path = "Roboto-Medium.ttf"; sourceTree = "<group>"; };
		14B517732BD0C5B6000D52FA /* Roboto-Light.ttf */ = {isa = PBXFileReference; lastKnownFileType = file; path = "Roboto-Light.ttf"; sourceTree = "<group>"; };
		14B517742BD0C5B6000D52FA /* Roboto-Regular.ttf */ = {isa = PBXFileReference; lastKnownFileType = file; path = "Roboto-Regular.ttf"; sourceTree = "<group>"; };
		14B517752BD0C5B6000D52FA /* Roboto-MediumItalic.ttf */ = {isa = PBXFileReference; lastKnownFileType = file; path = "Roboto-MediumItalic.ttf"; sourceTree = "<group>"; };
		14B517762BD0C5B6000D52FA /* Roboto-ThinItalic.ttf */ = {isa = PBXFileReference; lastKnownFileType = file; path = "Roboto-ThinItalic.ttf"; sourceTree = "<group>"; };
		14B517772BD0C5B6000D52FA /* Roboto-BoldItalic.ttf */ = {isa = PBXFileReference; lastKnownFileType = file; path = "Roboto-BoldItalic.ttf"; sourceTree = "<group>"; };
		14B517782BD0C5B6000D52FA /* Roboto-LightItalic.ttf */ = {isa = PBXFileReference; lastKnownFileType = file; path = "Roboto-LightItalic.ttf"; sourceTree = "<group>"; };
		14B517792BD0C5B6000D52FA /* Roboto-Italic.ttf */ = {isa = PBXFileReference; lastKnownFileType = file; path = "Roboto-Italic.ttf"; sourceTree = "<group>"; };
		14B5177A2BD0C5B6000D52FA /* LICENSE.txt */ = {isa = PBXFileReference; fileEncoding = 4; lastKnownFileType = text; path = LICENSE.txt; sourceTree = "<group>"; };
		14B5177B2BD0C5B6000D52FA /* Roboto-BlackItalic.ttf */ = {isa = PBXFileReference; lastKnownFileType = file; path = "Roboto-BlackItalic.ttf"; sourceTree = "<group>"; };
		14B5177C2BD0C5B6000D52FA /* Roboto-Bold.ttf */ = {isa = PBXFileReference; lastKnownFileType = file; path = "Roboto-Bold.ttf"; sourceTree = "<group>"; };
		14B5177D2BD0C5B6000D52FA /* Roboto-Thin.ttf */ = {isa = PBXFileReference; lastKnownFileType = file; path = "Roboto-Thin.ttf"; sourceTree = "<group>"; };
		14B5177E2BD0C5B6000D52FA /* Roboto-Black.ttf */ = {isa = PBXFileReference; lastKnownFileType = file; path = "Roboto-Black.ttf"; sourceTree = "<group>"; };
/* End PBXFileReference section */

/* Begin PBXFrameworksBuildPhase section */
		14B517552BD0BD80000D52FA /* Frameworks */ = {
			isa = PBXFrameworksBuildPhase;
			buildActionMask = 2147483647;
			files = (
			);
			runOnlyForDeploymentPostprocessing = 0;
		};
/* End PBXFrameworksBuildPhase section */

/* Begin PBXGroup section */
		14B5174F2BD0BD80000D52FA = {
			isa = PBXGroup;
			children = (
				14B5175A2BD0BD80000D52FA /* FoodDeliveryApp */,
				14B517592BD0BD80000D52FA /* Products */,
			);
			sourceTree = "<group>";
		};
		14B517592BD0BD80000D52FA /* Products */ = {
			isa = PBXGroup;
			children = (
				14B517582BD0BD80000D52FA /* FoodDeliveryApp.app */,
			);
			name = Products;
			sourceTree = "<group>";
		};
		14B5175A2BD0BD80000D52FA /* FoodDeliveryApp */ = {
			isa = PBXGroup;
			children = (
				14B5176F2BD0C582000D52FA /* Resourses */,
				14B5175B2BD0BD80000D52FA /* AppDelegate.swift */,
				14B5175D2BD0BD80000D52FA /* SceneDelegate.swift */,
				14B5175F2BD0BD80000D52FA /* ViewController.swift */,
				14B517642BD0BD82000D52FA /* Assets.xcassets */,
				14B517662BD0BD82000D52FA /* LaunchScreen.storyboard */,
				14B517692BD0BD82000D52FA /* Info.plist */,
			);
			path = FoodDeliveryApp;
			sourceTree = "<group>";
		};
		14B5176F2BD0C582000D52FA /* Resourses */ = {
			isa = PBXGroup;
			children = (
				14B517702BD0C596000D52FA /* Fonts */,
			);
			path = Resourses;
			sourceTree = "<group>";
		};
		14B517702BD0C596000D52FA /* Fonts */ = {
			isa = PBXGroup;
			children = (
				14B517712BD0C5B6000D52FA /* Roboto */,
			);
			path = Fonts;
			sourceTree = "<group>";
		};
		14B517712BD0C5B6000D52FA /* Roboto */ = {
			isa = PBXGroup;
			children = (
				14B517722BD0C5B6000D52FA /* Roboto-Medium.ttf */,
				14B517732BD0C5B6000D52FA /* Roboto-Light.ttf */,
				14B517742BD0C5B6000D52FA /* Roboto-Regular.ttf */,
				14B517752BD0C5B6000D52FA /* Roboto-MediumItalic.ttf */,
				14B517762BD0C5B6000D52FA /* Roboto-ThinItalic.ttf */,
				14B517772BD0C5B6000D52FA /* Roboto-BoldItalic.ttf */,
				14B517782BD0C5B6000D52FA /* Roboto-LightItalic.ttf */,
				14B517792BD0C5B6000D52FA /* Roboto-Italic.ttf */,
				14B5177A2BD0C5B6000D52FA /* LICENSE.txt */,
				14B5177B2BD0C5B6000D52FA /* Roboto-BlackItalic.ttf */,
				14B5177C2BD0C5B6000D52FA /* Roboto-Bold.ttf */,
				14B5177D2BD0C5B6000D52FA /* Roboto-Thin.ttf */,
				14B5177E2BD0C5B6000D52FA /* Roboto-Black.ttf */,
			);
			path = Roboto;
			sourceTree = "<group>";
		};
/* End PBXGroup section */

/* Begin PBXNativeTarget section */
		14B517572BD0BD80000D52FA /* FoodDeliveryApp */ = {
			isa = PBXNativeTarget;
			buildConfigurationList = 14B5176C2BD0BD82000D52FA /* Build configuration list for PBXNativeTarget "FoodDeliveryApp" */;
			buildPhases = (
				14B517542BD0BD80000D52FA /* Sources */,
				14B517552BD0BD80000D52FA /* Frameworks */,
				14B517562BD0BD80000D52FA /* Resources */,
			);
			buildRules = (
			);
			dependencies = (
			);
			name = FoodDeliveryApp;
			productName = FoodDeliveryApp;
			productReference = 14B517582BD0BD80000D52FA /* FoodDeliveryApp.app */;
			productType = "com.apple.product-type.application";
		};
/* End PBXNativeTarget section */

/* Begin PBXProject section */
		14B517502BD0BD80000D52FA /* Project object */ = {
			isa = PBXProject;
			attributes = {
				BuildIndependentTargetsInParallel = 1;
				LastSwiftUpdateCheck = 1520;
				LastUpgradeCheck = 1520;
				TargetAttributes = {
					14B517572BD0BD80000D52FA = {
						CreatedOnToolsVersion = 15.2;
					};
				};
			};
			buildConfigurationList = 14B517532BD0BD80000D52FA /* Build configuration list for PBXProject "FoodDeliveryApp" */;
			compatibilityVersion = "Xcode 14.0";
			developmentRegion = en;
			hasScannedForEncodings = 0;
			knownRegions = (
				en,
				Base,
			);
			mainGroup = 14B5174F2BD0BD80000D52FA;
			productRefGroup = 14B517592BD0BD80000D52FA /* Products */;
			projectDirPath = "";
			projectRoot = "";
			targets = (
				14B517572BD0BD80000D52FA /* FoodDeliveryApp */,
			);
		};
/* End PBXProject section */

/* Begin PBXResourcesBuildPhase section */
		14B517562BD0BD80000D52FA /* Resources */ = {
			isa = PBXResourcesBuildPhase;
			buildActionMask = 2147483647;
			files = (
				14B5178A2BD0C5B6000D52FA /* Roboto-Thin.ttf in Resources */,
				14B517872BD0C5B6000D52FA /* LICENSE.txt in Resources */,
				14B5178B2BD0C5B6000D52FA /* Roboto-Black.ttf in Resources */,
				14B517892BD0C5B6000D52FA /* Roboto-Bold.ttf in Resources */,
				14B517682BD0BD82000D52FA /* LaunchScreen.storyboard in Resources */,
				14B517652BD0BD82000D52FA /* Assets.xcassets in Resources */,
				14B517842BD0C5B6000D52FA /* Roboto-BoldItalic.ttf in Resources */,
				14B517812BD0C5B6000D52FA /* Roboto-Regular.ttf in Resources */,
				14B517832BD0C5B6000D52FA /* Roboto-ThinItalic.ttf in Resources */,
				14B517852BD0C5B6000D52FA /* Roboto-LightItalic.ttf in Resources */,
				14B517882BD0C5B6000D52FA /* Roboto-BlackItalic.ttf in Resources */,
				14B517802BD0C5B6000D52FA /* Roboto-Light.ttf in Resources */,
				14B517862BD0C5B6000D52FA /* Roboto-Italic.ttf in Resources */,
				14B517822BD0C5B6000D52FA /* Roboto-MediumItalic.ttf in Resources */,
				14B5177F2BD0C5B6000D52FA /* Roboto-Medium.ttf in Resources */,
			);
			runOnlyForDeploymentPostprocessing = 0;
		};
/* End PBXResourcesBuildPhase section */

/* Begin PBXSourcesBuildPhase section */
		14B517542BD0BD80000D52FA /* Sources */ = {
			isa = PBXSourcesBuildPhase;
			buildActionMask = 2147483647;
			files = (
				14B517602BD0BD80000D52FA /* ViewController.swift in Sources */,
				14B5175C2BD0BD80000D52FA /* AppDelegate.swift in Sources */,
				14B5175E2BD0BD80000D52FA /* SceneDelegate.swift in Sources */,
			);
			runOnlyForDeploymentPostprocessing = 0;
		};
/* End PBXSourcesBuildPhase section */

/* Begin PBXVariantGroup section */
		14B517662BD0BD82000D52FA /* LaunchScreen.storyboard */ = {
			isa = PBXVariantGroup;
			children = (
				14B517672BD0BD82000D52FA /* Base */,
			);
			name = LaunchScreen.storyboard;
			sourceTree = "<group>";
		};
/* End PBXVariantGroup section */

/* Begin XCBuildConfiguration section */
		14B5176A2BD0BD82000D52FA /* Debug */ = {
			isa = XCBuildConfiguration;
			buildSettings = {
				ALWAYS_SEARCH_USER_PATHS = NO;
				ASSETCATALOG_COMPILER_GENERATE_SWIFT_ASSET_SYMBOL_EXTENSIONS = YES;
				CLANG_ANALYZER_NONNULL = YES;
				CLANG_ANALYZER_NUMBER_OBJECT_CONVERSION = YES_AGGRESSIVE;
				CLANG_CXX_LANGUAGE_STANDARD = "gnu++20";
				CLANG_ENABLE_MODULES = YES;
				CLANG_ENABLE_OBJC_ARC = YES;
				CLANG_ENABLE_OBJC_WEAK = YES;
				CLANG_WARN_BLOCK_CAPTURE_AUTORELEASING = YES;
				CLANG_WARN_BOOL_CONVERSION = YES;
				CLANG_WARN_COMMA = YES;
				CLANG_WARN_CONSTANT_CONVERSION = YES;
				CLANG_WARN_DEPRECATED_OBJC_IMPLEMENTATIONS = YES;
				CLANG_WARN_DIRECT_OBJC_ISA_USAGE = YES_ERROR;
				CLANG_WARN_DOCUMENTATION_COMMENTS = YES;
				CLANG_WARN_EMPTY_BODY = YES;
				CLANG_WARN_ENUM_CONVERSION = YES;
				CLANG_WARN_INFINITE_RECURSION = YES;
				CLANG_WARN_INT_CONVERSION = YES;
				CLANG_WARN_NON_LITERAL_NULL_CONVERSION = YES;
				CLANG_WARN_OBJC_IMPLICIT_RETAIN_SELF = YES;
				CLANG_WARN_OBJC_LITERAL_CONVERSION = YES;
				CLANG_WARN_OBJC_ROOT_CLASS = YES_ERROR;
				CLANG_WARN_QUOTED_INCLUDE_IN_FRAMEWORK_HEADER = YES;
				CLANG_WARN_RANGE_LOOP_ANALYSIS = YES;
				CLANG_WARN_STRICT_PROTOTYPES = YES;
				CLANG_WARN_SUSPICIOUS_MOVE = YES;
				CLANG_WARN_UNGUARDED_AVAILABILITY = YES_AGGRESSIVE;
				CLANG_WARN_UNREACHABLE_CODE = YES;
				CLANG_WARN__DUPLICATE_METHOD_MATCH = YES;
				COPY_PHASE_STRIP = NO;
				DEBUG_INFORMATION_FORMAT = dwarf;
				ENABLE_STRICT_OBJC_MSGSEND = YES;
				ENABLE_TESTABILITY = YES;
				ENABLE_USER_SCRIPT_SANDBOXING = YES;
				GCC_C_LANGUAGE_STANDARD = gnu17;
				GCC_DYNAMIC_NO_PIC = NO;
				GCC_NO_COMMON_BLOCKS = YES;
				GCC_OPTIMIZATION_LEVEL = 0;
				GCC_PREPROCESSOR_DEFINITIONS = (
					"DEBUG=1",
					"$(inherited)",
				);
				GCC_WARN_64_TO_32_BIT_CONVERSION = YES;
				GCC_WARN_ABOUT_RETURN_TYPE = YES_ERROR;
				GCC_WARN_UNDECLARED_SELECTOR = YES;
				GCC_WARN_UNINITIALIZED_AUTOS = YES_AGGRESSIVE;
				GCC_WARN_UNUSED_FUNCTION = YES;
				GCC_WARN_UNUSED_VARIABLE = YES;
				IPHONEOS_DEPLOYMENT_TARGET = 17.2;
				LOCALIZATION_PREFERS_STRING_CATALOGS = YES;
				MTL_ENABLE_DEBUG_INFO = INCLUDE_SOURCE;
				MTL_FAST_MATH = YES;
				ONLY_ACTIVE_ARCH = YES;
				SDKROOT = iphoneos;
				SWIFT_ACTIVE_COMPILATION_CONDITIONS = "DEBUG $(inherited)";
				SWIFT_OPTIMIZATION_LEVEL = "-Onone";
			};
			name = Debug;
		};
		14B5176B2BD0BD82000D52FA /* Release */ = {
			isa = XCBuildConfiguration;
			buildSettings = {
				ALWAYS_SEARCH_USER_PATHS = NO;
				ASSETCATALOG_COMPILER_GENERATE_SWIFT_ASSET_SYMBOL_EXTENSIONS = YES;
				CLANG_ANALYZER_NONNULL = YES;
				CLANG_ANALYZER_NUMBER_OBJECT_CONVERSION = YES_AGGRESSIVE;
				CLANG_CXX_LANGUAGE_STANDARD = "gnu++20";
				CLANG_ENABLE_MODULES = YES;
				CLANG_ENABLE_OBJC_ARC = YES;
				CLANG_ENABLE_OBJC_WEAK = YES;
				CLANG_WARN_BLOCK_CAPTURE_AUTORELEASING = YES;
				CLANG_WARN_BOOL_CONVERSION = YES;
				CLANG_WARN_COMMA = YES;
				CLANG_WARN_CONSTANT_CONVERSION = YES;
				CLANG_WARN_DEPRECATED_OBJC_IMPLEMENTATIONS = YES;
				CLANG_WARN_DIRECT_OBJC_ISA_USAGE = YES_ERROR;
				CLANG_WARN_DOCUMENTATION_COMMENTS = YES;
				CLANG_WARN_EMPTY_BODY = YES;
				CLANG_WARN_ENUM_CONVERSION = YES;
				CLANG_WARN_INFINITE_RECURSION = YES;
				CLANG_WARN_INT_CONVERSION = YES;
				CLANG_WARN_NON_LITERAL_NULL_CONVERSION = YES;
				CLANG_WARN_OBJC_IMPLICIT_RETAIN_SELF = YES;
				CLANG_WARN_OBJC_LITERAL_CONVERSION = YES;
				CLANG_WARN_OBJC_ROOT_CLASS = YES_ERROR;
				CLANG_WARN_QUOTED_INCLUDE_IN_FRAMEWORK_HEADER = YES;
				CLANG_WARN_RANGE_LOOP_ANALYSIS = YES;
				CLANG_WARN_STRICT_PROTOTYPES = YES;
				CLANG_WARN_SUSPICIOUS_MOVE = YES;
				CLANG_WARN_UNGUARDED_AVAILABILITY = YES_AGGRESSIVE;
				CLANG_WARN_UNREACHABLE_CODE = YES;
				CLANG_WARN__DUPLICATE_METHOD_MATCH = YES;
				COPY_PHASE_STRIP = NO;
				DEBUG_INFORMATION_FORMAT = "dwarf-with-dsym";
				ENABLE_NS_ASSERTIONS = NO;
				ENABLE_STRICT_OBJC_MSGSEND = YES;
				ENABLE_USER_SCRIPT_SANDBOXING = YES;
				GCC_C_LANGUAGE_STANDARD = gnu17;
				GCC_NO_COMMON_BLOCKS = YES;
				GCC_WARN_64_TO_32_BIT_CONVERSION = YES;
				GCC_WARN_ABOUT_RETURN_TYPE = YES_ERROR;
				GCC_WARN_UNDECLARED_SELECTOR = YES;
				GCC_WARN_UNINITIALIZED_AUTOS = YES_AGGRESSIVE;
				GCC_WARN_UNUSED_FUNCTION = YES;
				GCC_WARN_UNUSED_VARIABLE = YES;
				IPHONEOS_DEPLOYMENT_TARGET = 17.2;
				LOCALIZATION_PREFERS_STRING_CATALOGS = YES;
				MTL_ENABLE_DEBUG_INFO = NO;
				MTL_FAST_MATH = YES;
				SDKROOT = iphoneos;
				SWIFT_COMPILATION_MODE = wholemodule;
				VALIDATE_PRODUCT = YES;
			};
			name = Release;
		};
		14B5176D2BD0BD82000D52FA /* Debug */ = {
			isa = XCBuildConfiguration;
			buildSettings = {
				ASSETCATALOG_COMPILER_APPICON_NAME = AppIcon;
				ASSETCATALOG_COMPILER_GLOBAL_ACCENT_COLOR_NAME = AccentColor;
				CODE_SIGN_STYLE = Automatic;
				CURRENT_PROJECT_VERSION = 1;
				GENERATE_INFOPLIST_FILE = YES;
				INFOPLIST_FILE = FoodDeliveryApp/Info.plist;
				INFOPLIST_KEY_UIApplicationSupportsIndirectInputEvents = YES;
				INFOPLIST_KEY_UILaunchStoryboardName = LaunchScreen;
				INFOPLIST_KEY_UISupportedInterfaceOrientations_iPad = "UIInterfaceOrientationPortrait UIInterfaceOrientationPortraitUpsideDown UIInterfaceOrientationLandscapeLeft UIInterfaceOrientationLandscapeRight";
				INFOPLIST_KEY_UISupportedInterfaceOrientations_iPhone = "UIInterfaceOrientationPortrait UIInterfaceOrientationLandscapeLeft UIInterfaceOrientationLandscapeRight";
				LD_RUNPATH_SEARCH_PATHS = (
					"$(inherited)",
					"@executable_path/Frameworks",
				);
				MARKETING_VERSION = 1.0;
				PRODUCT_BUNDLE_IDENTIFIER = Abylai.FoodDeliveryApp;
				PRODUCT_NAME = "$(TARGET_NAME)";
				SWIFT_EMIT_LOC_STRINGS = YES;
				SWIFT_VERSION = 5.0;
				TARGETED_DEVICE_FAMILY = "1,2";
			};
			name = Debug;
		};
		14B5176E2BD0BD82000D52FA /* Release */ = {
			isa = XCBuildConfiguration;
			buildSettings = {
				ASSETCATALOG_COMPILER_APPICON_NAME = AppIcon;
				ASSETCATALOG_COMPILER_GLOBAL_ACCENT_COLOR_NAME = AccentColor;
				CODE_SIGN_STYLE = Automatic;
				CURRENT_PROJECT_VERSION = 1;
				GENERATE_INFOPLIST_FILE = YES;
				INFOPLIST_FILE = FoodDeliveryApp/Info.plist;
				INFOPLIST_KEY_UIApplicationSupportsIndirectInputEvents = YES;
				INFOPLIST_KEY_UILaunchStoryboardName = LaunchScreen;
				INFOPLIST_KEY_UISupportedInterfaceOrientations_iPad = "UIInterfaceOrientationPortrait UIInterfaceOrientationPortraitUpsideDown UIInterfaceOrientationLandscapeLeft UIInterfaceOrientationLandscapeRight";
				INFOPLIST_KEY_UISupportedInterfaceOrientations_iPhone = "UIInterfaceOrientationPortrait UIInterfaceOrientationLandscapeLeft UIInterfaceOrientationLandscapeRight";
				LD_RUNPATH_SEARCH_PATHS = (
					"$(inherited)",
					"@executable_path/Frameworks",
				);
				MARKETING_VERSION = 1.0;
				PRODUCT_BUNDLE_IDENTIFIER = Abylai.FoodDeliveryApp;
				PRODUCT_NAME = "$(TARGET_NAME)";
				SWIFT_EMIT_LOC_STRINGS = YES;
				SWIFT_VERSION = 5.0;
				TARGETED_DEVICE_FAMILY = "1,2";
			};
			name = Release;
		};
/* End XCBuildConfiguration section */

/* Begin XCConfigurationList section */
		14B517532BD0BD80000D52FA /* Build configuration list for PBXProject "FoodDeliveryApp" */ = {
			isa = XCConfigurationList;
			buildConfigurations = (
				14B5176A2BD0BD82000D52FA /* Debug */,
				14B5176B2BD0BD82000D52FA /* Release */,
			);
			defaultConfigurationIsVisible = 0;
			defaultConfigurationName = Release;
		};
		14B5176C2BD0BD82000D52FA /* Build configuration list for PBXNativeTarget "FoodDeliveryApp" */ = {
			isa = XCConfigurationList;
			buildConfigurations = (
				14B5176D2BD0BD82000D52FA /* Debug */,
				14B5176E2BD0BD82000D52FA /* Release */,
			);
			defaultConfigurationIsVisible = 0;
			defaultConfigurationName = Release;
		};
/* End XCConfigurationList section */
	};
	rootObject = 14B517502BD0BD80000D52FA /* Project object */;
}
